
Microsoft Visual Studio Solution File, Format Version 12.00
# Visual Studio 15
VisualStudioVersion = 15.0.28307.852
MinimumVisualStudioVersion = 10.0.40219.1
Project("{8BC9CEB8-8B4A-11D0-8D11-00A0C91BC942}") = "learnOpenGL", "learnOpenGL\learnOpenGL.vcxproj", "{46D4BC31-AE61-4F97-961B-B97FFEE6EBDF}"
EndProject
Project("{8BC9CEB8-8B4A-11D0-8D11-00A0C91BC942}") = "ColorLoad", "ColorLoad\ColorLoad.vcxproj", "{A7DCF593-B83A-4093-ADBD-2E77A3C49A7C}"
EndProject
Project("{8BC9CEB8-8B4A-11D0-8D11-00A0C91BC942}") = "Project1", "Project1\Project1.vcxproj", "{1E29932C-61DF-4EFC-8399-15D764FC6611}"
EndProject
Global
	GlobalSection(SolutionConfigurationPlatforms) = preSolution
		Debug|x64 = Debug|x64
		Debug|x86 = Debug|x86
		Release|x64 = Release|x64
		Release|x86 = Release|x86
	EndGlobalSection
	GlobalSection(ProjectConfigurationPlatforms) = postSolution
		{46D4BC31-AE61-4F97-961B-B97FFEE6EBDF}.Debug|x64.ActiveCfg = Debug|x64
		{46D4BC31-AE61-4F97-961B-B97FFEE6EBDF}.Debug|x64.Build.0 = Debug|x64
		{46D4BC31-AE61-4F97-961B-B97FFEE6EBDF}.Debug|x86.ActiveCfg = Debug|Win32
		{46D4BC31-AE61-4F97-961B-B97FFEE6EBDF}.Debug|x86.Build.0 = Debug|Win32
		{46D4BC31-AE61-4F97-961B-B97FFEE6EBDF}.Release|x64.ActiveCfg = Release|x64
		{46D4BC31-AE61-4F97-961B-B97FFEE6EBDF}.Release|x64.Build.0 = Release|x64
		{46D4BC31-AE61-4F97-961B-B97FFEE6EBDF}.Release|x86.ActiveCfg = Release|Win32
		{46D4BC31-AE61-4F97-961B-B97FFEE6EBDF}.Release|x86.Build.0 = Release|Win32
		{A7DCF593-B83A-4093-ADBD-2E77A3C49A7C}.Debug|x64.ActiveCfg = Debug|x64
		{A7DCF593-B83A-4093-ADBD-2E77A3C49A7C}.Debug|x64.Build.0 = Debug|x64
		{A7DCF593-B83A-4093-ADBD-2E77A3C49A7C}.Debug|x86.ActiveCfg = Debug|Win32
		{A7DCF593-B83A-4093-ADBD-2E77A3C49A7C}.Debug|x86.Build.0 = Debug|Win32
		{A7DCF593-B83A-4093-ADBD-2E77A3C49A7C}.Release|x64.ActiveCfg = Release|x64
		{A7DCF593-B83A-4093-ADBD-2E77A3C49A7C}.Release|x64.Build.0 = Release|x64
		{A7DCF593-B83A-4093-ADBD-2E77A3C49A7C}.Release|x86.ActiveCfg = Release|Win32
		{A7DCF593-B83A-4093-ADBD-2E77A3C49A7C}.Release|x86.Build.0 = Release|Win32
		{1E29932C-61DF-4EFC-8399-15D764FC6611}.Debug|x64.ActiveCfg = Debug|x64
		{1E29932C-61DF-4EFC-8399-15D764FC6611}.Debug|x64.Build.0 = Debug|x64
		{1E29932C-61DF-4EFC-8399-15D764FC6611}.Debug|x86.ActiveCfg = Debug|Win32
		{1E29932C-61DF-4EFC-8399-15D764FC6611}.Debug|x86.Build.0 = Debug|Win32
		{1E29932C-61DF-4EFC-8399-15D764FC6611}.Release|x64.ActiveCfg = Release|x64
		{1E29932C-61DF-4EFC-8399-15D764FC6611}.Release|x64.Build.0 = Release|x64
		{1E29932C-61DF-4EFC-8399-15D764FC6611}.Release|x86.ActiveCfg = Release|Win32
		{1E29932C-61DF-4EFC-8399-15D764FC6611}.Release|x86.Build.0 = Release|Win32
	EndGlobalSection
	GlobalSection(SolutionProperties) = preSolution
		HideSolutionNode = FALSE
	EndGlobalSection
	GlobalSection(ExtensibilityGlobals) = postSolution
		SolutionGuid = {43FEBABB-E84D-4EE2-ABE6-60D99216E5E0}
	EndGlobalSection
EndGlobal
